# This file is automatically @generated by Cargo.
# It is not intended for manual editing.
[[package]]
name = "autocfg"
version = "1.0.1"
source = "registry+https://github.com/rust-lang/crates.io-index"
checksum = "cdb031dd78e28731d87d56cc8ffef4a8f36ca26c38fe2de700543e627f8a464a"

[[package]]
name = "hashbrown"
version = "0.9.1"
source = "registry+https://github.com/rust-lang/crates.io-index"
checksum = "d7afe4a420e3fe79967a00898cc1f4db7c8a49a9333a29f8a4bd76a253d5cd04"

[[package]]
name = "indexmap"
version = "1.6.1"
source = "registry+https://github.com/rust-lang/crates.io-index"
checksum = "4fb1fa934250de4de8aef298d81c729a7d33d8c239daa3a7575e6b92bfc7313b"
dependencies = [
 "autocfg",
 "hashbrown",
]

[[package]]
name = "priority-queue"
version = "1.0.5"
source = "registry+https://github.com/rust-lang/crates.io-index"
checksum = "a6fffb2a42c53276c40a3dcef02bd8ec18d4b0105f2828a186bd58d64a8054d0"
dependencies = [
 "autocfg",
 "indexmap",
]

[[package]]
name = "rust-datastructure"
version = "0.1.0"
dependencies = [
 "priority-queue",
]
